
Microsoft Visual Studio Solution File, Format Version 12.00
# Visual Studio 15
VisualStudioVersion = 15.0.28307.489
MinimumVisualStudioVersion = 10.0.40219.1
Project("{FAE04EC0-301F-11D3-BF4B-00C04F79EFBC}") = "MVVMWindowExample", "MVVMWindowExample\MVVMWindowExample.csproj", "{532BCEA7-0885-4A6D-AAF7-C30A32E640A2}"
EndProject
Global
	GlobalSection(SolutionConfigurationPlatforms) = preSolution
		Debug|Any CPU = Debug|Any CPU
		Release|Any CPU = Release|Any CPU
	EndGlobalSection
	GlobalSection(ProjectConfigurationPlatforms) = postSolution
		{532BCEA7-0885-4A6D-AAF7-C30A32E640A2}.Debug|Any CPU.ActiveCfg = Debug|Any CPU
		{532BCEA7-0885-4A6D-AAF7-C30A32E640A2}.Debug|Any CPU.Build.0 = Debug|Any CPU
		{532BCEA7-0885-4A6D-AAF7-C30A32E640A2}.Release|Any CPU.ActiveCfg = Release|Any CPU
		{532BCEA7-0885-4A6D-AAF7-C30A32E640A2}.Release|Any CPU.Build.0 = Release|Any CPU
	EndGlobalSection
	GlobalSection(SolutionProperties) = preSolution
		HideSolutionNode = FALSE
	EndGlobalSection
	GlobalSection(ExtensibilityGlobals) = postSolution
		SolutionGuid = {796AD19C-D74F-4A17-8A35-B17818C416E4}
	EndGlobalSection
EndGlobal
